
Microsoft Visual Studio Solution File, Format Version 12.00
# Visual Studio 14
VisualStudioVersion = 14.0.24720.0
MinimumVisualStudioVersion = 10.0.40219.1
Project("{FAE04EC0-301F-11D3-BF4B-00C04F79EFBC}") = "LongRunningOperations", "LongRunningOperations\LongRunningOperations.csproj", "{A545908D-453A-42B0-A816-CC0F2FD82170}"
EndProject
Global
	GlobalSection(SolutionConfigurationPlatforms) = preSolution
		Debug|Any CPU = Debug|Any CPU
		Release|Any CPU = Release|Any CPU
	EndGlobalSection
	GlobalSection(ProjectConfigurationPlatforms) = postSolution
		{A545908D-453A-42B0-A816-CC0F2FD82170}.Debug|Any CPU.ActiveCfg = Debug|Any CPU
		{A545908D-453A-42B0-A816-CC0F2FD82170}.Debug|Any CPU.Build.0 = Debug|Any CPU
		{A545908D-453A-42B0-A816-CC0F2FD82170}.Release|Any CPU.ActiveCfg = Release|Any CPU
		{A545908D-453A-42B0-A816-CC0F2FD82170}.Release|Any CPU.Build.0 = Release|Any CPU
	EndGlobalSection
	GlobalSection(SolutionProperties) = preSolution
		HideSolutionNode = FALSE
	EndGlobalSection
EndGlobal
